
Microsoft Visual Studio Solution File, Format Version 12.00
# Visual Studio Version 17
VisualStudioVersion = 17.14.36310.24
MinimumVisualStudioVersion = 10.0.40219.1
Project("{FAE04EC0-301F-11D3-BF4B-00C04F79EFBC}") = "MinistryTracker", "MinistryTracker.csproj", "{244D3DE9-8C60-4A82-B994-71B965D2D268}"
EndProject
Project("{FAE04EC0-301F-11D3-BF4B-00C04F79EFBC}") = "MinistryTracker.Tests", "Tests\MinistryTracker.Tests\MinistryTracker.Tests.csproj", "{9A41FCE8-8CA0-4CFB-84DA-73A23DF6CC1B}"
EndProject
Global
	GlobalSection(SolutionConfigurationPlatforms) = preSolution
		Debug|Any CPU = Debug|Any CPU
		Release|Any CPU = Release|Any CPU
	EndGlobalSection
	GlobalSection(ProjectConfigurationPlatforms) = postSolution
		{244D3DE9-8C60-4A82-B994-71B965D2D268}.Debug|Any CPU.ActiveCfg = Debug|Any CPU
		{244D3DE9-8C60-4A82-B994-71B965D2D268}.Debug|Any CPU.Build.0 = Debug|Any CPU
		{244D3DE9-8C60-4A82-B994-71B965D2D268}.Debug|Any CPU.Deploy.0 = Debug|Any CPU
		{244D3DE9-8C60-4A82-B994-71B965D2D268}.Release|Any CPU.ActiveCfg = Release|Any CPU
		{244D3DE9-8C60-4A82-B994-71B965D2D268}.Release|Any CPU.Build.0 = Release|Any CPU
		{9A41FCE8-8CA0-4CFB-84DA-73A23DF6CC1B}.Debug|Any CPU.ActiveCfg = Debug|Any CPU
		{9A41FCE8-8CA0-4CFB-84DA-73A23DF6CC1B}.Debug|Any CPU.Build.0 = Debug|Any CPU
		{9A41FCE8-8CA0-4CFB-84DA-73A23DF6CC1B}.Release|Any CPU.ActiveCfg = Release|Any CPU
		{9A41FCE8-8CA0-4CFB-84DA-73A23DF6CC1B}.Release|Any CPU.Build.0 = Release|Any CPU
	EndGlobalSection
	GlobalSection(SolutionProperties) = preSolution
		HideSolutionNode = FALSE
	EndGlobalSection
	GlobalSection(ExtensibilityGlobals) = postSolution
		SolutionGuid = {60D97544-AE1E-432E-8EB5-2EDC004C26D3}
	EndGlobalSection
EndGlobal
